// !$*UTF8*$!
{
	archiveVersion = 1;
	classes = {
	};
	objectVersion = 50;
	objects = {

/* Begin PBXBuildFile section */
		83D0AE4E255303A900A4D57A /* AppDelegate.swift in Sources */ = {isa = PBXBuildFile; fileRef = 83D0AE4D255303A900A4D57A /* AppDelegate.swift */; };
		83D0AE50255303A900A4D57A /* SceneDelegate.swift in Sources */ = {isa = PBXBuildFile; fileRef = 83D0AE4F255303A900A4D57A /* SceneDelegate.swift */; };
		83D0AE52255303A900A4D57A /* ViewController.swift in Sources */ = {isa = PBXBuildFile; fileRef = 83D0AE51255303A900A4D57A /* ViewController.swift */; };
		83D0AE55255303A900A4D57A /* Main.storyboard in Resources */ = {isa = PBXBuildFile; fileRef = 83D0AE53255303A900A4D57A /* Main.storyboard */; };
		83D0AE57255303AA00A4D57A /* Assets.xcassets in Resources */ = {isa = PBXBuildFile; fileRef = 83D0AE56255303AA00A4D57A /* Assets.xcassets */; };
		83D0AE5A255303AA00A4D57A /* LaunchScreen.storyboard in Resources */ = {isa = PBXBuildFile; fileRef = 83D0AE58255303AA00A4D57A /* LaunchScreen.storyboard */; };
		83D0AE65255303AA00A4D57A /* find_My_LOSTests.swift in Sources */ = {isa = PBXBuildFile; fileRef = 83D0AE64255303AA00A4D57A /* find_My_LOSTests.swift */; };
		83D0AE70255303AA00A4D57A /* find_My_LOSUITests.swift in Sources */ = {isa = PBXBuildFile; fileRef = 83D0AE6F255303AA00A4D57A /* find_My_LOSUITests.swift */; };
/* End PBXBuildFile section */

/* Begin PBXContainerItemProxy section */
		83D0AE61255303AA00A4D57A /* PBXContainerItemProxy */ = {
			isa = PBXContainerItemProxy;
			containerPortal = 83D0AE42255303A900A4D57A /* Project object */;
			proxyType = 1;
			remoteGlobalIDString = 83D0AE49255303A900A4D57A;
			remoteInfo = "find My LOS";
		};
		83D0AE6C255303AA00A4D57A /* PBXContainerItemProxy */ = {
			isa = PBXContainerItemProxy;
			containerPortal = 83D0AE42255303A900A4D57A /* Project object */;
			proxyType = 1;
			remoteGlobalIDString = 83D0AE49255303A900A4D57A;
			remoteInfo = "find My LOS";
		};
/* End PBXContainerItemProxy section */

/* Begin PBXFileReference section */
		83D0AE4A255303A900A4D57A /* find My LOS.app */ = {isa = PBXFileReference; explicitFileType = wrapper.application; includeInIndex = 0; path = "find My LOS.app"; sourceTree = BUILT_PRODUCTS_DIR; };
		83D0AE4D255303A900A4D57A /* AppDelegate.swift */ = {isa = PBXFileReference; lastKnownFileType = sourcecode.swift; path = AppDelegate.swift; sourceTree = "<group>"; };
		83D0AE4F255303A900A4D57A /* SceneDelegate.swift */ = {isa = PBXFileReference; lastKnownFileType = sourcecode.swift; path = SceneDelegate.swift; sourceTree = "<group>"; };
		83D0AE51255303A900A4D57A /* ViewController.swift */ = {isa = PBXFileReference; lastKnownFileType = sourcecode.swift; path = ViewController.swift; sourceTree = "<group>"; };
		83D0AE54255303A900A4D57A /* Base */ = {isa = PBXFileReference; lastKnownFileType = file.storyboard; name = Base; path = Base.lproj/Main.storyboard; sourceTree = "<group>"; };
		83D0AE56255303AA00A4D57A /* Assets.xcassets */ = {isa = PBXFileReference; lastKnownFileType = folder.assetcatalog; path = Assets.xcassets; sourceTree = "<group>"; };
		83D0AE59255303AA00A4D57A /* Base */ = {isa = PBXFileReference; lastKnownFileType = file.storyboard; name = Base; path = Base.lproj/LaunchScreen.storyboard; sourceTree = "<group>"; };
		83D0AE5B255303AA00A4D57A /* Info.plist */ = {isa = PBXFileReference; lastKnownFileType = text.plist.xml; path = Info.plist; sourceTree = "<group>"; };
		83D0AE60255303AA00A4D57A /* find My LOSTests.xctest */ = {isa = PBXFileReference; explicitFileType = wrapper.cfbundle; includeInIndex = 0; path = "find My LOSTests.xctest"; sourceTree = BUILT_PRODUCTS_DIR; };
		83D0AE64255303AA00A4D57A /* find_My_LOSTests.swift */ = {isa = PBXFileReference; lastKnownFileType = sourcecode.swift; path = find_My_LOSTests.swift; sourceTree = "<group>"; };
		83D0AE66255303AA00A4D57A /* Info.plist */ = {isa = PBXFileReference; lastKnownFileType = text.plist.xml; path = Info.plist; sourceTree = "<group>"; };
		83D0AE6B255303AA00A4D57A /* find My LOSUITests.xctest */ = {isa = PBXFileReference; explicitFileType = wrapper.cfbundle; includeInIndex = 0; path = "find My LOSUITests.xctest"; sourceTree = BUILT_PRODUCTS_DIR; };
		83D0AE6F255303AA00A4D57A /* find_My_LOSUITests.swift */ = {isa = PBXFileReference; lastKnownFileType = sourcecode.swift; path = find_My_LOSUITests.swift; sourceTree = "<group>"; };
		83D0AE71255303AA00A4D57A /* Info.plist */ = {isa = PBXFileReference; lastKnownFileType = text.plist.xml; path = Info.plist; sourceTree = "<group>"; };
/* End PBXFileReference section */

/* Begin PBXFrameworksBuildPhase section */
		83D0AE47255303A900A4D57A /* Frameworks */ = {
			isa = PBXFrameworksBuildPhase;
			buildActionMask = 2147483647;
			files = (
			);
			runOnlyForDeploymentPostprocessing = 0;
		};
		83D0AE5D255303AA00A4D57A /* Frameworks */ = {
			isa = PBXFrameworksBuildPhase;
			buildActionMask = 2147483647;
			files = (
			);
			runOnlyForDeploymentPostprocessing = 0;
		};
		83D0AE68255303AA00A4D57A /* Frameworks */ = {
			isa = PBXFrameworksBuildPhase;
			buildActionMask = 2147483647;
			files = (
			);
			runOnlyForDeploymentPostprocessing = 0;
		};
/* End PBXFrameworksBuildPhase section */

/* Begin PBXGroup section */
		83D0AE41255303A900A4D57A = {
			isa = PBXGroup;
			children = (
				83D0AE4C255303A900A4D57A /* find My LOS */,
				83D0AE63255303AA00A4D57A /* find My LOSTests */,
				83D0AE6E255303AA00A4D57A /* find My LOSUITests */,
				83D0AE4B255303A900A4D57A /* Products */,
			);
			sourceTree = "<group>";
		};
		83D0AE4B255303A900A4D57A /* Products */ = {
			isa = PBXGroup;
			children = (
				83D0AE4A255303A900A4D57A /* find My LOS.app */,
				83D0AE60255303AA00A4D57A /* find My LOSTests.xctest */,
				83D0AE6B255303AA00A4D57A /* find My LOSUITests.xctest */,
			);
			name = Products;
			sourceTree = "<group>";
		};
		83D0AE4C255303A900A4D57A /* find My LOS */ = {
			isa = PBXGroup;
			children = (
				83D0AE4D255303A900A4D57A /* AppDelegate.swift */,
				83D0AE4F255303A900A4D57A /* SceneDelegate.swift */,
				83D0AE51255303A900A4D57A /* ViewController.swift */,
				83D0AE53255303A900A4D57A /* Main.storyboard */,
				83D0AE56255303AA00A4D57A /* Assets.xcassets */,
				83D0AE58255303AA00A4D57A /* LaunchScreen.storyboard */,
				83D0AE5B255303AA00A4D57A /* Info.plist */,
			);
			path = "find My LOS";
			sourceTree = "<group>";
		};
		83D0AE63255303AA00A4D57A /* find My LOSTests */ = {
			isa = PBXGroup;
			children = (
				83D0AE64255303AA00A4D57A /* find_My_LOSTests.swift */,
				83D0AE66255303AA00A4D57A /* Info.plist */,
			);
			path = "find My LOSTests";
			sourceTree = "<group>";
		};
		83D0AE6E255303AA00A4D57A /* find My LOSUITests */ = {
			isa = PBXGroup;
			children = (
				83D0AE6F255303AA00A4D57A /* find_My_LOSUITests.swift */,
				83D0AE71255303AA00A4D57A /* Info.plist */,
			);
			path = "find My LOSUITests";
			sourceTree = "<group>";
		};
/* End PBXGroup section */

/* Begin PBXNativeTarget section */
		83D0AE49255303A900A4D57A /* find My LOS */ = {
			isa = PBXNativeTarget;
			buildConfigurationList = 83D0AE74255303AA00A4D57A /* Build configuration list for PBXNativeTarget "find My LOS" */;
			buildPhases = (
				83D0AE46255303A900A4D57A /* Sources */,
				83D0AE47255303A900A4D57A /* Frameworks */,
				83D0AE48255303A900A4D57A /* Resources */,
			);
			buildRules = (
			);
			dependencies = (
			);
			name = "find My LOS";
			productName = "find My LOS";
			productReference = 83D0AE4A255303A900A4D57A /* find My LOS.app */;
			productType = "com.apple.product-type.application";
		};
		83D0AE5F255303AA00A4D57A /* find My LOSTests */ = {
			isa = PBXNativeTarget;
			buildConfigurationList = 83D0AE77255303AA00A4D57A /* Build configuration list for PBXNativeTarget "find My LOSTests" */;
			buildPhases = (
				83D0AE5C255303AA00A4D57A /* Sources */,
				83D0AE5D255303AA00A4D57A /* Frameworks */,
				83D0AE5E255303AA00A4D57A /* Resources */,
			);
			buildRules = (
			);
			dependencies = (
				83D0AE62255303AA00A4D57A /* PBXTargetDependency */,
			);
			name = "find My LOSTests";
			productName = "find My LOSTests";
			productReference = 83D0AE60255303AA00A4D57A /* find My LOSTests.xctest */;
			productType = "com.apple.product-type.bundle.unit-test";
		};
		83D0AE6A255303AA00A4D57A /* find My LOSUITests */ = {
			isa = PBXNativeTarget;
			buildConfigurationList = 83D0AE7A255303AA00A4D57A /* Build configuration list for PBXNativeTarget "find My LOSUITests" */;
			buildPhases = (
				83D0AE67255303AA00A4D57A /* Sources */,
				83D0AE68255303AA00A4D57A /* Frameworks */,
				83D0AE69255303AA00A4D57A /* Resources */,
			);
			buildRules = (
			);
			dependencies = (
				83D0AE6D255303AA00A4D57A /* PBXTargetDependency */,
			);
			name = "find My LOSUITests";
			productName = "find My LOSUITests";
			productReference = 83D0AE6B255303AA00A4D57A /* find My LOSUITests.xctest */;
			productType = "com.apple.product-type.bundle.ui-testing";
		};
/* End PBXNativeTarget section */

/* Begin PBXProject section */
		83D0AE42255303A900A4D57A /* Project object */ = {
			isa = PBXProject;
			attributes = {
				LastSwiftUpdateCheck = 1210;
				LastUpgradeCheck = 1210;
				TargetAttributes = {
					83D0AE49255303A900A4D57A = {
						CreatedOnToolsVersion = 12.1;
					};
					83D0AE5F255303AA00A4D57A = {
						CreatedOnToolsVersion = 12.1;
						TestTargetID = 83D0AE49255303A900A4D57A;
					};
					83D0AE6A255303AA00A4D57A = {
						CreatedOnToolsVersion = 12.1;
						TestTargetID = 83D0AE49255303A900A4D57A;
					};
				};
			};
			buildConfigurationList = 83D0AE45255303A900A4D57A /* Build configuration list for PBXProject "find My LOS" */;
			compatibilityVersion = "Xcode 9.3";
			developmentRegion = en;
			hasScannedForEncodings = 0;
			knownRegions = (
				en,
				Base,
			);
			mainGroup = 83D0AE41255303A900A4D57A;
			productRefGroup = 83D0AE4B255303A900A4D57A /* Products */;
			projectDirPath = "";
			projectRoot = "";
			targets = (
				83D0AE49255303A900A4D57A /* find My LOS */,
				83D0AE5F255303AA00A4D57A /* find My LOSTests */,
				83D0AE6A255303AA00A4D57A /* find My LOSUITests */,
			);
		};
/* End PBXProject section */

/* Begin PBXResourcesBuildPhase section */
		83D0AE48255303A900A4D57A /* Resources */ = {
			isa = PBXResourcesBuildPhase;
			buildActionMask = 2147483647;
			files = (
				83D0AE5A255303AA00A4D57A /* LaunchScreen.storyboard in Resources */,
				83D0AE57255303AA00A4D57A /* Assets.xcassets in Resources */,
				83D0AE55255303A900A4D57A /* Main.storyboard in Resources */,
			);
			runOnlyForDeploymentPostprocessing = 0;
		};
		83D0AE5E255303AA00A4D57A /* Resources */ = {
			isa = PBXResourcesBuildPhase;
			buildActionMask = 2147483647;
			files = (
			);
			runOnlyForDeploymentPostprocessing = 0;
		};
		83D0AE69255303AA00A4D57A /* Resources */ = {
			isa = PBXResourcesBuildPhase;
			buildActionMask = 2147483647;
			files = (
			);
			runOnlyForDeploymentPostprocessing = 0;
		};
/* End PBXResourcesBuildPhase section */

/* Begin PBXSourcesBuildPhase section */
		83D0AE46255303A900A4D57A /* Sources */ = {
			isa = PBXSourcesBuildPhase;
			buildActionMask = 2147483647;
			files = (
				83D0AE52255303A900A4D57A /* ViewController.swift in Sources */,
				83D0AE4E255303A900A4D57A /* AppDelegate.swift in Sources */,
				83D0AE50255303A900A4D57A /* SceneDelegate.swift in Sources */,
			);
			runOnlyForDeploymentPostprocessing = 0;
		};
		83D0AE5C255303AA00A4D57A /* Sources */ = {
			isa = PBXSourcesBuildPhase;
			buildActionMask = 2147483647;
			files = (
				83D0AE65255303AA00A4D57A /* find_My_LOSTests.swift in Sources */,
			);
			runOnlyForDeploymentPostprocessing = 0;
		};
		83D0AE67255303AA00A4D57A /* Sources */ = {
			isa = PBXSourcesBuildPhase;
			buildActionMask = 2147483647;
			files = (
				83D0AE70255303AA00A4D57A /* find_My_LOSUITests.swift in Sources */,
			);
			runOnlyForDeploymentPostprocessing = 0;
		};
/* End PBXSourcesBuildPhase section */

/* Begin PBXTargetDependency section */
		83D0AE62255303AA00A4D57A /* PBXTargetDependency */ = {
			isa = PBXTargetDependency;
			target = 83D0AE49255303A900A4D57A /* find My LOS */;
			targetProxy = 83D0AE61255303AA00A4D57A /* PBXContainerItemProxy */;
		};
		83D0AE6D255303AA00A4D57A /* PBXTargetDependency */ = {
			isa = PBXTargetDependency;
			target = 83D0AE49255303A900A4D57A /* find My LOS */;
			targetProxy = 83D0AE6C255303AA00A4D57A /* PBXContainerItemProxy */;
		};
/* End PBXTargetDependency section */

/* Begin PBXVariantGroup section */
		83D0AE53255303A900A4D57A /* Main.storyboard */ = {
			isa = PBXVariantGroup;
			children = (
				83D0AE54255303A900A4D57A /* Base */,
			);
			name = Main.storyboard;
			sourceTree = "<group>";
		};
		83D0AE58255303AA00A4D57A /* LaunchScreen.storyboard */ = {
			isa = PBXVariantGroup;
			children = (
				83D0AE59255303AA00A4D57A /* Base */,
			);
			name = LaunchScreen.storyboard;
			sourceTree = "<group>";
		};
/* End PBXVariantGroup section */

/* Begin XCBuildConfiguration section */
		83D0AE72255303AA00A4D57A /* Debug */ = {
			isa = XCBuildConfiguration;
			buildSettings = {
				ALWAYS_SEARCH_USER_PATHS = NO;
				CLANG_ANALYZER_NONNULL = YES;
				CLANG_ANALYZER_NUMBER_OBJECT_CONVERSION = YES_AGGRESSIVE;
				CLANG_CXX_LANGUAGE_STANDARD = "gnu++14";
				CLANG_CXX_LIBRARY = "libc++";
				CLANG_ENABLE_MODULES = YES;
				CLANG_ENABLE_OBJC_ARC = YES;
				CLANG_ENABLE_OBJC_WEAK = YES;
				CLANG_WARN_BLOCK_CAPTURE_AUTORELEASING = YES;
				CLANG_WARN_BOOL_CONVERSION = YES;
				CLANG_WARN_COMMA = YES;
				CLANG_WARN_CONSTANT_CONVERSION = YES;
				CLANG_WARN_DEPRECATED_OBJC_IMPLEMENTATIONS = YES;
				CLANG_WARN_DIRECT_OBJC_ISA_USAGE = YES_ERROR;
				CLANG_WARN_DOCUMENTATION_COMMENTS = YES;
				CLANG_WARN_EMPTY_BODY = YES;
				CLANG_WARN_ENUM_CONVERSION = YES;
				CLANG_WARN_INFINITE_RECURSION = YES;
				CLANG_WARN_INT_CONVERSION = YES;
				CLANG_WARN_NON_LITERAL_NULL_CONVERSION = YES;
				CLANG_WARN_OBJC_IMPLICIT_RETAIN_SELF = YES;
				CLANG_WARN_OBJC_LITERAL_CONVERSION = YES;
				CLANG_WARN_OBJC_ROOT_CLASS = YES_ERROR;
				CLANG_WARN_QUOTED_INCLUDE_IN_FRAMEWORK_HEADER = YES;
				CLANG_WARN_RANGE_LOOP_ANALYSIS = YES;
				CLANG_WARN_STRICT_PROTOTYPES = YES;
				CLANG_WARN_SUSPICIOUS_MOVE = YES;
				CLANG_WARN_UNGUARDED_AVAILABILITY = YES_AGGRESSIVE;
				CLANG_WARN_UNREACHABLE_CODE = YES;
				CLANG_WARN__DUPLICATE_METHOD_MATCH = YES;
				COPY_PHASE_STRIP = NO;
				DEBUG_INFORMATION_FORMAT = dwarf;
				ENABLE_STRICT_OBJC_MSGSEND = YES;
				ENABLE_TESTABILITY = YES;
				GCC_C_LANGUAGE_STANDARD = gnu11;
				GCC_DYNAMIC_NO_PIC = NO;
				GCC_NO_COMMON_BLOCKS = YES;
				GCC_OPTIMIZATION_LEVEL = 0;
				GCC_PREPROCESSOR_DEFINITIONS = (
					"DEBUG=1",
					"$(inherited)",
				);
				GCC_WARN_64_TO_32_BIT_CONVERSION = YES;
				GCC_WARN_ABOUT_RETURN_TYPE = YES_ERROR;
				GCC_WARN_UNDECLARED_SELECTOR = YES;
				GCC_WARN_UNINITIALIZED_AUTOS = YES_AGGRESSIVE;
				GCC_WARN_UNUSED_FUNCTION = YES;
				GCC_WARN_UNUSED_VARIABLE = YES;
				IPHONEOS_DEPLOYMENT_TARGET = 14.1;
				MTL_ENABLE_DEBUG_INFO = INCLUDE_SOURCE;
				MTL_FAST_MATH = YES;
				ONLY_ACTIVE_ARCH = YES;
				SDKROOT = iphoneos;
				SWIFT_ACTIVE_COMPILATION_CONDITIONS = DEBUG;
				SWIFT_OPTIMIZATION_LEVEL = "-Onone";
			};
			name = Debug;
		};
		83D0AE73255303AA00A4D57A /* Release */ = {
			isa = XCBuildConfiguration;
			buildSettings = {
				ALWAYS_SEARCH_USER_PATHS = NO;
				CLANG_ANALYZER_NONNULL = YES;
				CLANG_ANALYZER_NUMBER_OBJECT_CONVERSION = YES_AGGRESSIVE;
				CLANG_CXX_LANGUAGE_STANDARD = "gnu++14";
				CLANG_CXX_LIBRARY = "libc++";
				CLANG_ENABLE_MODULES = YES;
				CLANG_ENABLE_OBJC_ARC = YES;
				CLANG_ENABLE_OBJC_WEAK = YES;
				CLANG_WARN_BLOCK_CAPTURE_AUTORELEASING = YES;
				CLANG_WARN_BOOL_CONVERSION = YES;
				CLANG_WARN_COMMA = YES;
				CLANG_WARN_CONSTANT_CONVERSION = YES;
				CLANG_WARN_DEPRECATED_OBJC_IMPLEMENTATIONS = YES;
				CLANG_WARN_DIRECT_OBJC_ISA_USAGE = YES_ERROR;
				CLANG_WARN_DOCUMENTATION_COMMENTS = YES;
				CLANG_WARN_EMPTY_BODY = YES;
				CLANG_WARN_ENUM_CONVERSION = YES;
				CLANG_WARN_INFINITE_RECURSION = YES;
				CLANG_WARN_INT_CONVERSION = YES;
				CLANG_WARN_NON_LITERAL_NULL_CONVERSION = YES;
				CLANG_WARN_OBJC_IMPLICIT_RETAIN_SELF = YES;
				CLANG_WARN_OBJC_LITERAL_CONVERSION = YES;
				CLANG_WARN_OBJC_ROOT_CLASS = YES_ERROR;
				CLANG_WARN_QUOTED_INCLUDE_IN_FRAMEWORK_HEADER = YES;
				CLANG_WARN_RANGE_LOOP_ANALYSIS = YES;
				CLANG_WARN_STRICT_PROTOTYPES = YES;
				CLANG_WARN_SUSPICIOUS_MOVE = YES;
				CLANG_WARN_UNGUARDED_AVAILABILITY = YES_AGGRESSIVE;
				CLANG_WARN_UNREACHABLE_CODE = YES;
				CLANG_WARN__DUPLICATE_METHOD_MATCH = YES;
				COPY_PHASE_STRIP = NO;
				DEBUG_INFORMATION_FORMAT = "dwarf-with-dsym";
				ENABLE_NS_ASSERTIONS = NO;
				ENABLE_STRICT_OBJC_MSGSEND = YES;
				GCC_C_LANGUAGE_STANDARD = gnu11;
				GCC_NO_COMMON_BLOCKS = YES;
				GCC_WARN_64_TO_32_BIT_CONVERSION = YES;
				GCC_WARN_ABOUT_RETURN_TYPE = YES_ERROR;
				GCC_WARN_UNDECLARED_SELECTOR = YES;
				GCC_WARN_UNINITIALIZED_AUTOS = YES_AGGRESSIVE;
				GCC_WARN_UNUSED_FUNCTION = YES;
				GCC_WARN_UNUSED_VARIABLE = YES;
				IPHONEOS_DEPLOYMENT_TARGET = 14.1;
				MTL_ENABLE_DEBUG_INFO = NO;
				MTL_FAST_MATH = YES;
				SDKROOT = iphoneos;
				SWIFT_COMPILATION_MODE = wholemodule;
				SWIFT_OPTIMIZATION_LEVEL = "-O";
				VALIDATE_PRODUCT = YES;
			};
			name = Release;
		};
		83D0AE75255303AA00A4D57A /* Debug */ = {
			isa = XCBuildConfiguration;
			buildSettings = {
				ASSETCATALOG_COMPILER_APPICON_NAME = AppIcon;
				ASSETCATALOG_COMPILER_GLOBAL_ACCENT_COLOR_NAME = AccentColor;
				CODE_SIGN_STYLE = Automatic;
				INFOPLIST_FILE = "find My LOS/Info.plist";
				LD_RUNPATH_SEARCH_PATHS = (
					"$(inherited)",
					"@executable_path/Frameworks",
				);
				PRODUCT_BUNDLE_IDENTIFIER = "abukhaleed.find-My-LOS";
				PRODUCT_NAME = "$(TARGET_NAME)";
				SWIFT_VERSION = 5.0;
				TARGETED_DEVICE_FAMILY = "1,2";
			};
			name = Debug;
		};
		83D0AE76255303AA00A4D57A /* Release */ = {
			isa = XCBuildConfiguration;
			buildSettings = {
				ASSETCATALOG_COMPILER_APPICON_NAME = AppIcon;
				ASSETCATALOG_COMPILER_GLOBAL_ACCENT_COLOR_NAME = AccentColor;
				CODE_SIGN_STYLE = Automatic;
				INFOPLIST_FILE = "find My LOS/Info.plist";
				LD_RUNPATH_SEARCH_PATHS = (
					"$(inherited)",
					"@executable_path/Frameworks",
				);
				PRODUCT_BUNDLE_IDENTIFIER = "abukhaleed.find-My-LOS";
				PRODUCT_NAME = "$(TARGET_NAME)";
				SWIFT_VERSION = 5.0;
				TARGETED_DEVICE_FAMILY = "1,2";
			};
			name = Release;
		};
		83D0AE78255303AA00A4D57A /* Debug */ = {
			isa = XCBuildConfiguration;
			buildSettings = {
				ALWAYS_EMBED_SWIFT_STANDARD_LIBRARIES = YES;
				BUNDLE_LOADER = "$(TEST_HOST)";
				CODE_SIGN_STYLE = Automatic;
				INFOPLIST_FILE = "find My LOSTests/Info.plist";
				IPHONEOS_DEPLOYMENT_TARGET = 14.1;
				LD_RUNPATH_SEARCH_PATHS = (
					"$(inherited)",
					"@executable_path/Frameworks",
					"@loader_path/Frameworks",
				);
				PRODUCT_BUNDLE_IDENTIFIER = "abukhaleed.find-My-LOSTests";
				PRODUCT_NAME = "$(TARGET_NAME)";
				SWIFT_VERSION = 5.0;
				TARGETED_DEVICE_FAMILY = "1,2";
				TEST_HOST = "$(BUILT_PRODUCTS_DIR)/find My LOS.app/find My LOS";
			};
			name = Debug;
		};
		83D0AE79255303AA00A4D57A /* Release */ = {
			isa = XCBuildConfiguration;
			buildSettings = {
				ALWAYS_EMBED_SWIFT_STANDARD_LIBRARIES = YES;
				BUNDLE_LOADER = "$(TEST_HOST)";
				CODE_SIGN_STYLE = Automatic;
				INFOPLIST_FILE = "find My LOSTests/Info.plist";
				IPHONEOS_DEPLOYMENT_TARGET = 14.1;
				LD_RUNPATH_SEARCH_PATHS = (
					"$(inherited)",
					"@executable_path/Frameworks",
					"@loader_path/Frameworks",
				);
				PRODUCT_BUNDLE_IDENTIFIER = "abukhaleed.find-My-LOSTests";
				PRODUCT_NAME = "$(TARGET_NAME)";
				SWIFT_VERSION = 5.0;
				TARGETED_DEVICE_FAMILY = "1,2";
				TEST_HOST = "$(BUILT_PRODUCTS_DIR)/find My LOS.app/find My LOS";
			};
			name = Release;
		};
		83D0AE7B255303AA00A4D57A /* Debug */ = {
			isa = XCBuildConfiguration;
			buildSettings = {
				ALWAYS_EMBED_SWIFT_STANDARD_LIBRARIES = YES;
				CODE_SIGN_STYLE = Automatic;
				INFOPLIST_FILE = "find My LOSUITests/Info.plist";
				LD_RUNPATH_SEARCH_PATHS = (
					"$(inherited)",
					"@executable_path/Frameworks",
					"@loader_path/Frameworks",
				);
				PRODUCT_BUNDLE_IDENTIFIER = "abukhaleed.find-My-LOSUITests";
				PRODUCT_NAME = "$(TARGET_NAME)";
				SWIFT_VERSION = 5.0;
				TARGETED_DEVICE_FAMILY = "1,2";
				TEST_TARGET_NAME = "find My LOS";
			};
			name = Debug;
		};
		83D0AE7C255303AA00A4D57A /* Release */ = {
			isa = XCBuildConfiguration;
			buildSettings = {
				ALWAYS_EMBED_SWIFT_STANDARD_LIBRARIES = YES;
				CODE_SIGN_STYLE = Automatic;
				INFOPLIST_FILE = "find My LOSUITests/Info.plist";
				LD_RUNPATH_SEARCH_PATHS = (
					"$(inherited)",
					"@executable_path/Frameworks",
					"@loader_path/Frameworks",
				);
				PRODUCT_BUNDLE_IDENTIFIER = "abukhaleed.find-My-LOSUITests";
				PRODUCT_NAME = "$(TARGET_NAME)";
				SWIFT_VERSION = 5.0;
				TARGETED_DEVICE_FAMILY = "1,2";
				TEST_TARGET_NAME = "find My LOS";
			};
			name = Release;
		};
/* End XCBuildConfiguration section */

/* Begin XCConfigurationList section */
		83D0AE45255303A900A4D57A /* Build configuration list for PBXProject "find My LOS" */ = {
			isa = XCConfigurationList;
			buildConfigurations = (
				83D0AE72255303AA00A4D57A /* Debug */,
				83D0AE73255303AA00A4D57A /* Release */,
			);
			defaultConfigurationIsVisible = 0;
			defaultConfigurationName = Release;
		};
		83D0AE74255303AA00A4D57A /* Build configuration list for PBXNativeTarget "find My LOS" */ = {
			isa = XCConfigurationList;
			buildConfigurations = (
				83D0AE75255303AA00A4D57A /* Debug */,
				83D0AE76255303AA00A4D57A /* Release */,
			);
			defaultConfigurationIsVisible = 0;
			defaultConfigurationName = Release;
		};
		83D0AE77255303AA00A4D57A /* Build configuration list for PBXNativeTarget "find My LOSTests" */ = {
			isa = XCConfigurationList;
			buildConfigurations = (
				83D0AE78255303AA00A4D57A /* Debug */,
				83D0AE79255303AA00A4D57A /* Release */,
			);
			defaultConfigurationIsVisible = 0;
			defaultConfigurationName = Release;
		};
		83D0AE7A255303AA00A4D57A /* Build configuration list for PBXNativeTarget "find My LOSUITests" */ = {
			isa = XCConfigurationList;
			buildConfigurations = (
				83D0AE7B255303AA00A4D57A /* Debug */,
				83D0AE7C255303AA00A4D57A /* Release */,
			);
			defaultConfigurationIsVisible = 0;
			defaultConfigurationName = Release;
		};
/* End XCConfigurationList section */
	};
	rootObject = 83D0AE42255303A900A4D57A /* Project object */;
}
